{
    "version": 3,
    "terraform_version": "0.9.4",
    "serial": 2,
    "lineage": "9a058413-fbee-423c-88b6-af1d1c2e6779",
    "modules": [
        {
            "path": [
                "root"
            ],
            "outputs": {},
            "resources": {},
            "depends_on": []
        },
        {
            "path": [
                "root",
                "iam"
            ],
            "outputs": {},
            "resources": {
                "aws_iam_policy.logs_policy": {
                    "type": "aws_iam_policy",
                    "depends_on": [
                        "data.aws_iam_policy_document.logs_policy_document"
                    ],
                    "primary": {
                        "id": "arn:aws:iam::098190220132:policy/superbowleto_logs_policy",
                        "attributes": {
                            "arn": "arn:aws:iam::098190220132:policy/superbowleto_logs_policy",
                            "id": "arn:aws:iam::098190220132:policy/superbowleto_logs_policy",
                            "name": "superbowleto_logs_policy",
                            "path": "/",
                            "policy": "{\n  \"Version\": \"2012-10-17\",\n  \"Statement\": [\n    {\n      \"Sid\": \"\",\n      \"Effect\": \"Allow\",\n      \"Action\": [\n        \"logs:PutLogEvents\",\n        \"logs:CreateLogStream\"\n      ],\n      \"Resource\": \"*\"\n    }\n  ]\n}"
                        },
                        "meta": {},
                        "tainted": false
                    },
                    "deposed": [],
                    "provider": ""
                },
                "aws_iam_policy.sqs_policy": {
                    "type": "aws_iam_policy",
                    "depends_on": [
                        "data.aws_iam_policy_document.sqs_policy_document"
                    ],
                    "primary": {
                        "id": "arn:aws:iam::098190220132:policy/superbowleto_sqs_policy",
                        "attributes": {
                            "arn": "arn:aws:iam::098190220132:policy/superbowleto_sqs_policy",
                            "id": "arn:aws:iam::098190220132:policy/superbowleto_sqs_policy",
                            "name": "superbowleto_sqs_policy",
                            "path": "/",
                            "policy": "{\n  \"Version\": \"2012-10-17\",\n  \"Statement\": [\n    {\n      \"Sid\": \"\",\n      \"Effect\": \"Allow\",\n      \"Action\": \"sqs:*\",\n      \"Resource\": \"arn:aws:sqs:us-east-1:098190220132:boletos-to-register\"\n    }\n  ]\n}"
                        },
                        "meta": {},
                        "tainted": false
                    },
                    "deposed": [],
                    "provider": ""
                },
                "aws_iam_policy_attachment.logs_policy_attachment": {
                    "type": "aws_iam_policy_attachment",
                    "depends_on": [
                        "aws_iam_policy.logs_policy",
                        "aws_iam_role.superbowleto_lambda_role"
                    ],
                    "primary": {
                        "id": "superbowleto_logs_policy_attachment",
                        "attributes": {
                            "groups.#": "0",
                            "id": "superbowleto_logs_policy_attachment",
                            "name": "superbowleto_logs_policy_attachment",
                            "policy_arn": "arn:aws:iam::098190220132:policy/superbowleto_logs_policy",
                            "roles.#": "1",
                            "roles.3674602471": "superbowleto_lambda_role",
                            "users.#": "0"
                        },
                        "meta": {},
                        "tainted": false
                    },
                    "deposed": [],
                    "provider": ""
                },
                "aws_iam_policy_attachment.sqs_policy_attachment": {
                    "type": "aws_iam_policy_attachment",
                    "depends_on": [
                        "aws_iam_policy.sqs_policy",
                        "aws_iam_role.superbowleto_lambda_role"
                    ],
                    "primary": {
                        "id": "superbowleto_sqs_policy_attachment",
                        "attributes": {
                            "groups.#": "0",
                            "id": "superbowleto_sqs_policy_attachment",
                            "name": "superbowleto_sqs_policy_attachment",
                            "policy_arn": "arn:aws:iam::098190220132:policy/superbowleto_sqs_policy",
                            "roles.#": "1",
                            "roles.3674602471": "superbowleto_lambda_role",
                            "users.#": "0"
                        },
                        "meta": {},
                        "tainted": false
                    },
                    "deposed": [],
                    "provider": ""
                },
                "aws_iam_role.superbowleto_lambda_role": {
                    "type": "aws_iam_role",
                    "depends_on": [
                        "data.aws_iam_policy_document.lambda_assume_role_policy_document"
                    ],
                    "primary": {
                        "id": "superbowleto_lambda_role",
                        "attributes": {
                            "arn": "arn:aws:iam::098190220132:role/superbowleto_lambda_role",
                            "assume_role_policy": "{\n  \"Version\": \"2012-10-17\",\n  \"Statement\": [\n    {\n      \"Sid\": \"\",\n      \"Effect\": \"Allow\",\n      \"Action\": \"sts:AssumeRole\",\n      \"Principal\": {\n        \"Service\": \"lambda.amazonaws.com\"\n      }\n    }\n  ]\n}",
                            "create_date": "2017-05-10T14:33:07Z",
                            "id": "superbowleto_lambda_role",
                            "name": "superbowleto_lambda_role",
                            "path": "/",
                            "unique_id": "AROAIRI34ZDRYF2ZPGQZQ"
                        },
                        "meta": {},
                        "tainted": false
                    },
                    "deposed": [],
                    "provider": ""
                },
                "data.aws_iam_policy_document.lambda_assume_role_policy_document": {
                    "type": "aws_iam_policy_document",
                    "depends_on": [],
                    "primary": {
                        "id": "3693445097",
                        "attributes": {
                            "id": "3693445097",
                            "json": "{\n  \"Version\": \"2012-10-17\",\n  \"Statement\": [\n    {\n      \"Sid\": \"\",\n      \"Effect\": \"Allow\",\n      \"Action\": \"sts:AssumeRole\",\n      \"Principal\": {\n        \"Service\": \"lambda.amazonaws.com\"\n      }\n    }\n  ]\n}",
                            "statement.#": "1",
                            "statement.0.actions.#": "1",
                            "statement.0.actions.2528466339": "sts:AssumeRole",
                            "statement.0.condition.#": "0",
                            "statement.0.effect": "Allow",
                            "statement.0.not_actions.#": "0",
                            "statement.0.not_principals.#": "0",
                            "statement.0.not_resources.#": "0",
                            "statement.0.principals.#": "1",
                            "statement.0.principals.3118762561.identifiers.#": "1",
                            "statement.0.principals.3118762561.identifiers.2638019528": "lambda.amazonaws.com",
                            "statement.0.principals.3118762561.type": "Service",
                            "statement.0.resources.#": "0",
                            "statement.0.sid": ""
                        },
                        "meta": {},
                        "tainted": false
                    },
                    "deposed": [],
                    "provider": ""
                },
                "data.aws_iam_policy_document.logs_policy_document": {
                    "type": "aws_iam_policy_document",
                    "depends_on": [],
                    "primary": {
                        "id": "679537320",
                        "attributes": {
                            "id": "679537320",
                            "json": "{\n  \"Version\": \"2012-10-17\",\n  \"Statement\": [\n    {\n      \"Sid\": \"\",\n      \"Effect\": \"Allow\",\n      \"Action\": [\n        \"logs:PutLogEvents\",\n        \"logs:CreateLogStream\"\n      ],\n      \"Resource\": \"*\"\n    }\n  ]\n}",
                            "statement.#": "1",
                            "statement.0.actions.#": "2",
                            "statement.0.actions.3285979848": "logs:CreateLogStream",
                            "statement.0.actions.39743051": "logs:PutLogEvents",
                            "statement.0.condition.#": "0",
                            "statement.0.effect": "Allow",
                            "statement.0.not_actions.#": "0",
                            "statement.0.not_principals.#": "0",
                            "statement.0.not_resources.#": "0",
                            "statement.0.principals.#": "0",
                            "statement.0.resources.#": "1",
                            "statement.0.resources.2679715827": "*",
                            "statement.0.sid": ""
                        },
                        "meta": {},
                        "tainted": false
                    },
                    "deposed": [],
                    "provider": ""
                },
                "data.aws_iam_policy_document.sqs_policy_document": {
                    "type": "aws_iam_policy_document",
                    "depends_on": [],
                    "primary": {
                        "id": "959338705",
                        "attributes": {
                            "id": "959338705",
                            "json": "{\n  \"Version\": \"2012-10-17\",\n  \"Statement\": [\n    {\n      \"Sid\": \"\",\n      \"Effect\": \"Allow\",\n      \"Action\": \"sqs:*\",\n      \"Resource\": \"arn:aws:sqs:us-east-1:098190220132:boletos-to-register\"\n    }\n  ]\n}",
                            "statement.#": "1",
                            "statement.0.actions.#": "1",
                            "statement.0.actions.1993366923": "sqs:*",
                            "statement.0.condition.#": "0",
                            "statement.0.effect": "Allow",
                            "statement.0.not_actions.#": "0",
                            "statement.0.not_principals.#": "0",
                            "statement.0.not_resources.#": "0",
                            "statement.0.principals.#": "0",
                            "statement.0.resources.#": "1",
                            "statement.0.resources.713124072": "arn:aws:sqs:us-east-1:098190220132:boletos-to-register",
                            "statement.0.sid": ""
                        },
                        "meta": {},
                        "tainted": false
                    },
                    "deposed": [],
                    "provider": ""
                }
            },
            "depends_on": []
        },
        {
            "path": [
                "root",
                "sqs"
            ],
            "outputs": {
                "queues_arns": {
                    "sensitive": false,
                    "type": "list",
                    "value": [
                        "arn:aws:sqs:us-east-1:098190220132:boletos-to-register"
                    ]
                }
            },
            "resources": {
                "aws_sqs_queue.boletos_to_register_queue": {
                    "type": "aws_sqs_queue",
                    "depends_on": [],
                    "primary": {
                        "id": "https://sqs.us-east-1.amazonaws.com/098190220132/boletos-to-register",
                        "attributes": {
                            "arn": "arn:aws:sqs:us-east-1:098190220132:boletos-to-register",
                            "content_based_deduplication": "false",
                            "delay_seconds": "90",
                            "fifo_queue": "false",
                            "id": "https://sqs.us-east-1.amazonaws.com/098190220132/boletos-to-register",
                            "max_message_size": "2048",
                            "message_retention_seconds": "86400",
                            "name": "boletos-to-register",
                            "receive_wait_time_seconds": "10",
                            "visibility_timeout_seconds": "30"
                        },
                        "meta": {},
                        "tainted": false
                    },
                    "deposed": [],
                    "provider": ""
                }
            },
            "depends_on": []
        }
    ]
}
